
Microsoft Visual Studio Solution File, Format Version 12.00
# Visual Studio Version 17
VisualStudioVersion = 17.9.34701.34
MinimumVisualStudioVersion = 10.0.40219.1
Project("{FAE04EC0-301F-11D3-BF4B-00C04F79EFBC}") = "webAPI", "webAPI\webAPI.csproj", "{7EE8ADAC-8D1F-44F1-B1CB-9991C9CC0B44}"
EndProject
Project("{FAE04EC0-301F-11D3-BF4B-00C04F79EFBC}") = "webAPP", "webAPP\webAPP.csproj", "{9DAAAD7E-0C69-4329-A38A-F261B52A713B}"
EndProject
Global
	GlobalSection(SolutionConfigurationPlatforms) = preSolution
		Debug|Any CPU = Debug|Any CPU
		Release|Any CPU = Release|Any CPU
	EndGlobalSection
	GlobalSection(ProjectConfigurationPlatforms) = postSolution
		{7EE8ADAC-8D1F-44F1-B1CB-9991C9CC0B44}.Debug|Any CPU.ActiveCfg = Debug|Any CPU
		{7EE8ADAC-8D1F-44F1-B1CB-9991C9CC0B44}.Debug|Any CPU.Build.0 = Debug|Any CPU
		{7EE8ADAC-8D1F-44F1-B1CB-9991C9CC0B44}.Release|Any CPU.ActiveCfg = Release|Any CPU
		{7EE8ADAC-8D1F-44F1-B1CB-9991C9CC0B44}.Release|Any CPU.Build.0 = Release|Any CPU
		{9DAAAD7E-0C69-4329-A38A-F261B52A713B}.Debug|Any CPU.ActiveCfg = Debug|Any CPU
		{9DAAAD7E-0C69-4329-A38A-F261B52A713B}.Debug|Any CPU.Build.0 = Debug|Any CPU
		{9DAAAD7E-0C69-4329-A38A-F261B52A713B}.Release|Any CPU.ActiveCfg = Release|Any CPU
		{9DAAAD7E-0C69-4329-A38A-F261B52A713B}.Release|Any CPU.Build.0 = Release|Any CPU
	EndGlobalSection
	GlobalSection(SolutionProperties) = preSolution
		HideSolutionNode = FALSE
	EndGlobalSection
	GlobalSection(ExtensibilityGlobals) = postSolution
		SolutionGuid = {35792BF3-86C3-408C-B452-466A1A8FA65B}
	EndGlobalSection
EndGlobal
